
Microsoft Visual Studio Solution File, Format Version 12.00
# Visual Studio 15
VisualStudioVersion = 15.0.28307.271
MinimumVisualStudioVersion = 10.0.40219.1
Project("{FAE04EC0-301F-11D3-BF4B-00C04F79EFBC}") = "Graphs", "Graphs\Graphs.csproj", "{06B73B3B-7C73-494C-AB83-C5F8339BB1E9}"
EndProject
Global
	GlobalSection(SolutionConfigurationPlatforms) = preSolution
		Debug|Any CPU = Debug|Any CPU
		Release|Any CPU = Release|Any CPU
	EndGlobalSection
	GlobalSection(ProjectConfigurationPlatforms) = postSolution
		{06B73B3B-7C73-494C-AB83-C5F8339BB1E9}.Debug|Any CPU.ActiveCfg = Debug|Any CPU
		{06B73B3B-7C73-494C-AB83-C5F8339BB1E9}.Debug|Any CPU.Build.0 = Debug|Any CPU
		{06B73B3B-7C73-494C-AB83-C5F8339BB1E9}.Release|Any CPU.ActiveCfg = Release|Any CPU
		{06B73B3B-7C73-494C-AB83-C5F8339BB1E9}.Release|Any CPU.Build.0 = Release|Any CPU
	EndGlobalSection
	GlobalSection(SolutionProperties) = preSolution
		HideSolutionNode = FALSE
	EndGlobalSection
	GlobalSection(ExtensibilityGlobals) = postSolution
		SolutionGuid = {9DF74DEA-2531-4B93-BC9A-BD8084D86333}
	EndGlobalSection
EndGlobal
